
Microsoft Visual Studio Solution File, Format Version 12.00
# Visual Studio Version 17
VisualStudioVersion = 17.0.32014.148
MinimumVisualStudioVersion = 10.0.40219.1
Project("{FAE04EC0-301F-11D3-BF4B-00C04F79EFBC}") = "Tik4Password", "Tik4Password\Tik4Password.csproj", "{C9CB92F9-8EED-4ABC-B5BA-4498F3F13672}"
EndProject
Global
	GlobalSection(SolutionConfigurationPlatforms) = preSolution
		Debug|Any CPU = Debug|Any CPU
		Release|Any CPU = Release|Any CPU
	EndGlobalSection
	GlobalSection(ProjectConfigurationPlatforms) = postSolution
		{C9CB92F9-8EED-4ABC-B5BA-4498F3F13672}.Debug|Any CPU.ActiveCfg = Debug|Any CPU
		{C9CB92F9-8EED-4ABC-B5BA-4498F3F13672}.Debug|Any CPU.Build.0 = Debug|Any CPU
		{C9CB92F9-8EED-4ABC-B5BA-4498F3F13672}.Release|Any CPU.ActiveCfg = Release|Any CPU
		{C9CB92F9-8EED-4ABC-B5BA-4498F3F13672}.Release|Any CPU.Build.0 = Release|Any CPU
	EndGlobalSection
	GlobalSection(SolutionProperties) = preSolution
		HideSolutionNode = FALSE
	EndGlobalSection
	GlobalSection(ExtensibilityGlobals) = postSolution
		SolutionGuid = {DE7F2C68-070B-41AB-85B8-EDB0D2FF1D49}
	EndGlobalSection
EndGlobal
